
Microsoft Visual Studio Solution File, Format Version 12.00
# Visual Studio 15
VisualStudioVersion = 15.0.27703.2035
MinimumVisualStudioVersion = 10.0.40219.1
Project("{FAE04EC0-301F-11D3-BF4B-00C04F79EFBC}") = "DeckOfCardsCG7-3", "DeckOfCardsCG7-3\DeckOfCardsCG7-3.csproj", "{F296332E-2099-4FE7-B43A-0748CB971623}"
EndProject
Global
	GlobalSection(SolutionConfigurationPlatforms) = preSolution
		Debug|Any CPU = Debug|Any CPU
		Release|Any CPU = Release|Any CPU
	EndGlobalSection
	GlobalSection(ProjectConfigurationPlatforms) = postSolution
		{F296332E-2099-4FE7-B43A-0748CB971623}.Debug|Any CPU.ActiveCfg = Debug|Any CPU
		{F296332E-2099-4FE7-B43A-0748CB971623}.Debug|Any CPU.Build.0 = Debug|Any CPU
		{F296332E-2099-4FE7-B43A-0748CB971623}.Release|Any CPU.ActiveCfg = Release|Any CPU
		{F296332E-2099-4FE7-B43A-0748CB971623}.Release|Any CPU.Build.0 = Release|Any CPU
	EndGlobalSection
	GlobalSection(SolutionProperties) = preSolution
		HideSolutionNode = FALSE
	EndGlobalSection
	GlobalSection(ExtensibilityGlobals) = postSolution
		SolutionGuid = {D6351D09-8F2D-4D6F-B81E-D0EAE6938020}
	EndGlobalSection
EndGlobal
